// !$*UTF8*$!
{
	archiveVersion = 1;
	classes = {
	};
	objectVersion = 50;
	objects = {

/* Begin PBXBuildFile section */
		5533A88D247DE18000EDB0DF /* UIColor.swift in Sources */ = {isa = PBXBuildFile; fileRef = 5533A88C247DE18000EDB0DF /* UIColor.swift */; };
		554888D1247F29E70013DD93 /* VideoPlayer.swift in Sources */ = {isa = PBXBuildFile; fileRef = 554888D0247F29E70013DD93 /* VideoPlayer.swift */; };
		5566CB8F248873770068C7E7 /* AppColors.swift in Sources */ = {isa = PBXBuildFile; fileRef = 5566CB8E248873770068C7E7 /* AppColors.swift */; };
		5566CB9324887DCA0068C7E7 /* CircularProgressViewLocalizable.strings in Resources */ = {isa = PBXBuildFile; fileRef = 5566CB9524887DCA0068C7E7 /* CircularProgressViewLocalizable.strings */; };
		5566CB98248880570068C7E7 /* AppLocalizedStrings.swift in Sources */ = {isa = PBXBuildFile; fileRef = 5566CB97248880570068C7E7 /* AppLocalizedStrings.swift */; };
		5573D4462481A98C00C71462 /* MainView.swift in Sources */ = {isa = PBXBuildFile; fileRef = 5573D4452481A98C00C71462 /* MainView.swift */; };
		5573D4482481B51100C71462 /* GiphyAPIResponse.swift in Sources */ = {isa = PBXBuildFile; fileRef = 5573D4472481B51100C71462 /* GiphyAPIResponse.swift */; };
		5573D44A2481B52700C71462 /* GiphyAPIImagesEntity.swift in Sources */ = {isa = PBXBuildFile; fileRef = 5573D4492481B52700C71462 /* GiphyAPIImagesEntity.swift */; };
		55D0F688247B237F0091E44C /* AppDelegate.swift in Sources */ = {isa = PBXBuildFile; fileRef = 55D0F687247B237F0091E44C /* AppDelegate.swift */; };
		55D0F68A247B237F0091E44C /* SceneDelegate.swift in Sources */ = {isa = PBXBuildFile; fileRef = 55D0F689247B237F0091E44C /* SceneDelegate.swift */; };
		55D0F68C247B237F0091E44C /* MainViewController.swift in Sources */ = {isa = PBXBuildFile; fileRef = 55D0F68B247B237F0091E44C /* MainViewController.swift */; };
		55D0F691247B23800091E44C /* Assets.xcassets in Resources */ = {isa = PBXBuildFile; fileRef = 55D0F690247B23800091E44C /* Assets.xcassets */; };
		55D0F69F247B23810091E44C /* washandsTests.swift in Sources */ = {isa = PBXBuildFile; fileRef = 55D0F69E247B23810091E44C /* washandsTests.swift */; };
		55D0F6AF247B2AA30091E44C /* LaunchScreen.storyboard in Resources */ = {isa = PBXBuildFile; fileRef = 55D0F6AD247B2AA30091E44C /* LaunchScreen.storyboard */; };
		55D0F6B0247B2AA30091E44C /* Main.storyboard in Resources */ = {isa = PBXBuildFile; fileRef = 55D0F6AE247B2AA30091E44C /* Main.storyboard */; };
		55D0F6B3247B2E2B0091E44C /* CircularProgressView.swift in Sources */ = {isa = PBXBuildFile; fileRef = 55D0F6B2247B2E2B0091E44C /* CircularProgressView.swift */; };
		55DFFF41248087E500D834C8 /* BaseService.swift in Sources */ = {isa = PBXBuildFile; fileRef = 55DFFF40248087E500D834C8 /* BaseService.swift */; };
		55DFFF4324808A3B00D834C8 /* APIErrors.swift in Sources */ = {isa = PBXBuildFile; fileRef = 55DFFF4224808A3B00D834C8 /* APIErrors.swift */; };
		55DFFF4524808CDE00D834C8 /* URLSession.swift in Sources */ = {isa = PBXBuildFile; fileRef = 55DFFF4424808CDE00D834C8 /* URLSession.swift */; };
		55DFFF48248090CD00D834C8 /* GiphyAPIEntity.swift in Sources */ = {isa = PBXBuildFile; fileRef = 55DFFF47248090CD00D834C8 /* GiphyAPIEntity.swift */; };
		55DFFF4A248091FC00D834C8 /* GifService.swift in Sources */ = {isa = PBXBuildFile; fileRef = 55DFFF49248091FC00D834C8 /* GifService.swift */; };
/* End PBXBuildFile section */

/* Begin PBXContainerItemProxy section */
		55D0F69B247B23810091E44C /* PBXContainerItemProxy */ = {
			isa = PBXContainerItemProxy;
			containerPortal = 55D0F67C247B237F0091E44C /* Project object */;
			proxyType = 1;
			remoteGlobalIDString = 55D0F683247B237F0091E44C;
			remoteInfo = washands;
		};
/* End PBXContainerItemProxy section */

/* Begin PBXFileReference section */
		5533A88C247DE18000EDB0DF /* UIColor.swift */ = {isa = PBXFileReference; lastKnownFileType = sourcecode.swift; path = UIColor.swift; sourceTree = "<group>"; };
		554888D0247F29E70013DD93 /* VideoPlayer.swift */ = {isa = PBXFileReference; lastKnownFileType = sourcecode.swift; path = VideoPlayer.swift; sourceTree = "<group>"; };
		5566CB8E248873770068C7E7 /* AppColors.swift */ = {isa = PBXFileReference; lastKnownFileType = sourcecode.swift; path = AppColors.swift; sourceTree = "<group>"; };
		5566CB9424887DCA0068C7E7 /* en */ = {isa = PBXFileReference; lastKnownFileType = text.plist.strings; name = en; path = en.lproj/CircularProgressViewLocalizable.strings; sourceTree = "<group>"; };
		5566CB97248880570068C7E7 /* AppLocalizedStrings.swift */ = {isa = PBXFileReference; lastKnownFileType = sourcecode.swift; path = AppLocalizedStrings.swift; sourceTree = "<group>"; };
		5573D4452481A98C00C71462 /* MainView.swift */ = {isa = PBXFileReference; lastKnownFileType = sourcecode.swift; path = MainView.swift; sourceTree = "<group>"; };
		5573D4472481B51100C71462 /* GiphyAPIResponse.swift */ = {isa = PBXFileReference; lastKnownFileType = sourcecode.swift; path = GiphyAPIResponse.swift; sourceTree = "<group>"; };
		5573D4492481B52700C71462 /* GiphyAPIImagesEntity.swift */ = {isa = PBXFileReference; lastKnownFileType = sourcecode.swift; path = GiphyAPIImagesEntity.swift; sourceTree = "<group>"; };
		55D0F684247B237F0091E44C /* washands.app */ = {isa = PBXFileReference; explicitFileType = wrapper.application; includeInIndex = 0; path = washands.app; sourceTree = BUILT_PRODUCTS_DIR; };
		55D0F687247B237F0091E44C /* AppDelegate.swift */ = {isa = PBXFileReference; lastKnownFileType = sourcecode.swift; path = AppDelegate.swift; sourceTree = "<group>"; };
		55D0F689247B237F0091E44C /* SceneDelegate.swift */ = {isa = PBXFileReference; lastKnownFileType = sourcecode.swift; path = SceneDelegate.swift; sourceTree = "<group>"; };
		55D0F68B247B237F0091E44C /* MainViewController.swift */ = {isa = PBXFileReference; lastKnownFileType = sourcecode.swift; path = MainViewController.swift; sourceTree = "<group>"; };
		55D0F690247B23800091E44C /* Assets.xcassets */ = {isa = PBXFileReference; lastKnownFileType = folder.assetcatalog; path = Assets.xcassets; sourceTree = "<group>"; };
		55D0F695247B23800091E44C /* Info.plist */ = {isa = PBXFileReference; lastKnownFileType = text.plist.xml; path = Info.plist; sourceTree = "<group>"; };
		55D0F69A247B23810091E44C /* washandsTests.xctest */ = {isa = PBXFileReference; explicitFileType = wrapper.cfbundle; includeInIndex = 0; path = washandsTests.xctest; sourceTree = BUILT_PRODUCTS_DIR; };
		55D0F69E247B23810091E44C /* washandsTests.swift */ = {isa = PBXFileReference; lastKnownFileType = sourcecode.swift; path = washandsTests.swift; sourceTree = "<group>"; };
		55D0F6A0247B23810091E44C /* Info.plist */ = {isa = PBXFileReference; lastKnownFileType = text.plist.xml; path = Info.plist; sourceTree = "<group>"; };
		55D0F6AD247B2AA30091E44C /* LaunchScreen.storyboard */ = {isa = PBXFileReference; fileEncoding = 4; lastKnownFileType = file.storyboard; path = LaunchScreen.storyboard; sourceTree = "<group>"; };
		55D0F6AE247B2AA30091E44C /* Main.storyboard */ = {isa = PBXFileReference; fileEncoding = 4; lastKnownFileType = file.storyboard; path = Main.storyboard; sourceTree = "<group>"; };
		55D0F6B2247B2E2B0091E44C /* CircularProgressView.swift */ = {isa = PBXFileReference; lastKnownFileType = sourcecode.swift; path = CircularProgressView.swift; sourceTree = "<group>"; };
		55DFFF40248087E500D834C8 /* BaseService.swift */ = {isa = PBXFileReference; lastKnownFileType = sourcecode.swift; path = BaseService.swift; sourceTree = "<group>"; };
		55DFFF4224808A3B00D834C8 /* APIErrors.swift */ = {isa = PBXFileReference; lastKnownFileType = sourcecode.swift; path = APIErrors.swift; sourceTree = "<group>"; };
		55DFFF4424808CDE00D834C8 /* URLSession.swift */ = {isa = PBXFileReference; lastKnownFileType = sourcecode.swift; path = URLSession.swift; sourceTree = "<group>"; };
		55DFFF47248090CD00D834C8 /* GiphyAPIEntity.swift */ = {isa = PBXFileReference; lastKnownFileType = sourcecode.swift; path = GiphyAPIEntity.swift; sourceTree = "<group>"; };
		55DFFF49248091FC00D834C8 /* GifService.swift */ = {isa = PBXFileReference; lastKnownFileType = sourcecode.swift; path = GifService.swift; sourceTree = "<group>"; };
/* End PBXFileReference section */

/* Begin PBXFrameworksBuildPhase section */
		55D0F681247B237F0091E44C /* Frameworks */ = {
			isa = PBXFrameworksBuildPhase;
			buildActionMask = 2147483647;
			files = (
			);
			runOnlyForDeploymentPostprocessing = 0;
		};
		55D0F697247B23810091E44C /* Frameworks */ = {
			isa = PBXFrameworksBuildPhase;
			buildActionMask = 2147483647;
			files = (
			);
			runOnlyForDeploymentPostprocessing = 0;
		};
/* End PBXFrameworksBuildPhase section */

/* Begin PBXGroup section */
		5533A88A247DE16D00EDB0DF /* Utils */ = {
			isa = PBXGroup;
			children = (
				5566CB962488803C0068C7E7 /* Localization */,
				554888CF247F29D40013DD93 /* VideoPlayer */,
				5533A88B247DE17600EDB0DF /* Extensions */,
				5566CB8E248873770068C7E7 /* AppColors.swift */,
			);
			path = Utils;
			sourceTree = "<group>";
		};
		5533A88B247DE17600EDB0DF /* Extensions */ = {
			isa = PBXGroup;
			children = (
				5533A88C247DE18000EDB0DF /* UIColor.swift */,
				55DFFF4424808CDE00D834C8 /* URLSession.swift */,
			);
			path = Extensions;
			sourceTree = "<group>";
		};
		554888CF247F29D40013DD93 /* VideoPlayer */ = {
			isa = PBXGroup;
			children = (
				554888D0247F29E70013DD93 /* VideoPlayer.swift */,
			);
			path = VideoPlayer;
			sourceTree = "<group>";
		};
		5566CB9024887D930068C7E7 /* Localization */ = {
			isa = PBXGroup;
			children = (
				5566CB9524887DCA0068C7E7 /* CircularProgressViewLocalizable.strings */,
			);
			path = Localization;
			sourceTree = "<group>";
		};
		5566CB962488803C0068C7E7 /* Localization */ = {
			isa = PBXGroup;
			children = (
				5566CB97248880570068C7E7 /* AppLocalizedStrings.swift */,
			);
			path = Localization;
			sourceTree = "<group>";
		};
		558BEBE62481A76000B634D9 /* ViewControllers */ = {
			isa = PBXGroup;
			children = (
				55D0F68B247B237F0091E44C /* MainViewController.swift */,
				5573D4452481A98C00C71462 /* MainView.swift */,
			);
			path = ViewControllers;
			sourceTree = "<group>";
		};
		55D0F67B247B237F0091E44C = {
			isa = PBXGroup;
			children = (
				55D0F686247B237F0091E44C /* washands */,
				55D0F69D247B23810091E44C /* washandsTests */,
				55D0F685247B237F0091E44C /* Products */,
			);
			sourceTree = "<group>";
		};
		55D0F685247B237F0091E44C /* Products */ = {
			isa = PBXGroup;
			children = (
				55D0F684247B237F0091E44C /* washands.app */,
				55D0F69A247B23810091E44C /* washandsTests.xctest */,
			);
			name = Products;
			sourceTree = "<group>";
		};
		55D0F686247B237F0091E44C /* washands */ = {
			isa = PBXGroup;
			children = (
				55D0F687247B237F0091E44C /* AppDelegate.swift */,
				55D0F689247B237F0091E44C /* SceneDelegate.swift */,
				558BEBE62481A76000B634D9 /* ViewControllers */,
				55D0F6B1247B2E160091E44C /* Views */,
				55D0F6AA247B2A1D0091E44C /* Resources */,
				55DFFF46248090A900D834C8 /* Models */,
				55DFFF3F248087CC00D834C8 /* Services */,
				5533A88A247DE16D00EDB0DF /* Utils */,
				55D0F6A9247B2A170091E44C /* SupportingFiles */,
			);
			path = washands;
			sourceTree = "<group>";
		};
		55D0F69D247B23810091E44C /* washandsTests */ = {
			isa = PBXGroup;
			children = (
				55D0F69E247B23810091E44C /* washandsTests.swift */,
				55D0F6A0247B23810091E44C /* Info.plist */,
			);
			path = washandsTests;
			sourceTree = "<group>";
		};
		55D0F6A9247B2A170091E44C /* SupportingFiles */ = {
			isa = PBXGroup;
			children = (
				55D0F695247B23800091E44C /* Info.plist */,
			);
			path = SupportingFiles;
			sourceTree = "<group>";
		};
		55D0F6AA247B2A1D0091E44C /* Resources */ = {
			isa = PBXGroup;
			children = (
				5566CB9024887D930068C7E7 /* Localization */,
				55D0F6AC247B2A290091E44C /* Storyboards */,
				55D0F6AB247B2A250091E44C /* Assets */,
			);
			path = Resources;
			sourceTree = "<group>";
		};
		55D0F6AB247B2A250091E44C /* Assets */ = {
			isa = PBXGroup;
			children = (
				55D0F690247B23800091E44C /* Assets.xcassets */,
			);
			path = Assets;
			sourceTree = "<group>";
		};
		55D0F6AC247B2A290091E44C /* Storyboards */ = {
			isa = PBXGroup;
			children = (
				55D0F6AD247B2AA30091E44C /* LaunchScreen.storyboard */,
				55D0F6AE247B2AA30091E44C /* Main.storyboard */,
			);
			path = Storyboards;
			sourceTree = "<group>";
		};
		55D0F6B1247B2E160091E44C /* Views */ = {
			isa = PBXGroup;
			children = (
				55D0F6B2247B2E2B0091E44C /* CircularProgressView.swift */,
			);
			path = Views;
			sourceTree = "<group>";
		};
		55DFFF3F248087CC00D834C8 /* Services */ = {
			isa = PBXGroup;
			children = (
				55DFFF49248091FC00D834C8 /* GifService.swift */,
				55DFFF40248087E500D834C8 /* BaseService.swift */,
				55DFFF4224808A3B00D834C8 /* APIErrors.swift */,
			);
			path = Services;
			sourceTree = "<group>";
		};
		55DFFF46248090A900D834C8 /* Models */ = {
			isa = PBXGroup;
			children = (
				5573D4472481B51100C71462 /* GiphyAPIResponse.swift */,
				55DFFF47248090CD00D834C8 /* GiphyAPIEntity.swift */,
				5573D4492481B52700C71462 /* GiphyAPIImagesEntity.swift */,
			);
			path = Models;
			sourceTree = "<group>";
		};
/* End PBXGroup section */

/* Begin PBXNativeTarget section */
		55D0F683247B237F0091E44C /* washands */ = {
			isa = PBXNativeTarget;
			buildConfigurationList = 55D0F6A3247B23810091E44C /* Build configuration list for PBXNativeTarget "washands" */;
			buildPhases = (
				55D0F680247B237F0091E44C /* Sources */,
				55D0F681247B237F0091E44C /* Frameworks */,
				55D0F682247B237F0091E44C /* Resources */,
			);
			buildRules = (
			);
			dependencies = (
			);
			name = washands;
			productName = washands;
			productReference = 55D0F684247B237F0091E44C /* washands.app */;
			productType = "com.apple.product-type.application";
		};
		55D0F699247B23810091E44C /* washandsTests */ = {
			isa = PBXNativeTarget;
			buildConfigurationList = 55D0F6A6247B23810091E44C /* Build configuration list for PBXNativeTarget "washandsTests" */;
			buildPhases = (
				55D0F696247B23810091E44C /* Sources */,
				55D0F697247B23810091E44C /* Frameworks */,
				55D0F698247B23810091E44C /* Resources */,
			);
			buildRules = (
			);
			dependencies = (
				55D0F69C247B23810091E44C /* PBXTargetDependency */,
			);
			name = washandsTests;
			productName = washandsTests;
			productReference = 55D0F69A247B23810091E44C /* washandsTests.xctest */;
			productType = "com.apple.product-type.bundle.unit-test";
		};
/* End PBXNativeTarget section */

/* Begin PBXProject section */
		55D0F67C247B237F0091E44C /* Project object */ = {
			isa = PBXProject;
			attributes = {
				LastSwiftUpdateCheck = 1150;
				LastUpgradeCheck = 1150;
				ORGANIZATIONNAME = luizfelipeairesoares;
				TargetAttributes = {
					55D0F683247B237F0091E44C = {
						CreatedOnToolsVersion = 11.5;
					};
					55D0F699247B23810091E44C = {
						CreatedOnToolsVersion = 11.5;
						TestTargetID = 55D0F683247B237F0091E44C;
					};
				};
			};
			buildConfigurationList = 55D0F67F247B237F0091E44C /* Build configuration list for PBXProject "washands" */;
			compatibilityVersion = "Xcode 9.3";
			developmentRegion = en;
			hasScannedForEncodings = 0;
			knownRegions = (
				en,
				Base,
			);
			mainGroup = 55D0F67B247B237F0091E44C;
			productRefGroup = 55D0F685247B237F0091E44C /* Products */;
			projectDirPath = "";
			projectRoot = "";
			targets = (
				55D0F683247B237F0091E44C /* washands */,
				55D0F699247B23810091E44C /* washandsTests */,
			);
		};
/* End PBXProject section */

/* Begin PBXResourcesBuildPhase section */
		55D0F682247B237F0091E44C /* Resources */ = {
			isa = PBXResourcesBuildPhase;
			buildActionMask = 2147483647;
			files = (
				55D0F6B0247B2AA30091E44C /* Main.storyboard in Resources */,
				55D0F691247B23800091E44C /* Assets.xcassets in Resources */,
				5566CB9324887DCA0068C7E7 /* CircularProgressViewLocalizable.strings in Resources */,
				55D0F6AF247B2AA30091E44C /* LaunchScreen.storyboard in Resources */,
			);
			runOnlyForDeploymentPostprocessing = 0;
		};
		55D0F698247B23810091E44C /* Resources */ = {
			isa = PBXResourcesBuildPhase;
			buildActionMask = 2147483647;
			files = (
			);
			runOnlyForDeploymentPostprocessing = 0;
		};
/* End PBXResourcesBuildPhase section */

/* Begin PBXSourcesBuildPhase section */
		55D0F680247B237F0091E44C /* Sources */ = {
			isa = PBXSourcesBuildPhase;
			buildActionMask = 2147483647;
			files = (
				55D0F68C247B237F0091E44C /* MainViewController.swift in Sources */,
				5573D44A2481B52700C71462 /* GiphyAPIImagesEntity.swift in Sources */,
				5573D4462481A98C00C71462 /* MainView.swift in Sources */,
				5566CB8F248873770068C7E7 /* AppColors.swift in Sources */,
				55DFFF4324808A3B00D834C8 /* APIErrors.swift in Sources */,
				55D0F688247B237F0091E44C /* AppDelegate.swift in Sources */,
				5566CB98248880570068C7E7 /* AppLocalizedStrings.swift in Sources */,
				554888D1247F29E70013DD93 /* VideoPlayer.swift in Sources */,
				55D0F6B3247B2E2B0091E44C /* CircularProgressView.swift in Sources */,
				55DFFF48248090CD00D834C8 /* GiphyAPIEntity.swift in Sources */,
				55DFFF4524808CDE00D834C8 /* URLSession.swift in Sources */,
				5573D4482481B51100C71462 /* GiphyAPIResponse.swift in Sources */,
				55DFFF41248087E500D834C8 /* BaseService.swift in Sources */,
				55D0F68A247B237F0091E44C /* SceneDelegate.swift in Sources */,
				5533A88D247DE18000EDB0DF /* UIColor.swift in Sources */,
				55DFFF4A248091FC00D834C8 /* GifService.swift in Sources */,
			);
			runOnlyForDeploymentPostprocessing = 0;
		};
		55D0F696247B23810091E44C /* Sources */ = {
			isa = PBXSourcesBuildPhase;
			buildActionMask = 2147483647;
			files = (
				55D0F69F247B23810091E44C /* washandsTests.swift in Sources */,
			);
			runOnlyForDeploymentPostprocessing = 0;
		};
/* End PBXSourcesBuildPhase section */

/* Begin PBXTargetDependency section */
		55D0F69C247B23810091E44C /* PBXTargetDependency */ = {
			isa = PBXTargetDependency;
			target = 55D0F683247B237F0091E44C /* washands */;
			targetProxy = 55D0F69B247B23810091E44C /* PBXContainerItemProxy */;
		};
/* End PBXTargetDependency section */

/* Begin PBXVariantGroup section */
		5566CB9524887DCA0068C7E7 /* CircularProgressViewLocalizable.strings */ = {
			isa = PBXVariantGroup;
			children = (
				5566CB9424887DCA0068C7E7 /* en */,
			);
			name = CircularProgressViewLocalizable.strings;
			sourceTree = "<group>";
		};
/* End PBXVariantGroup section */

/* Begin XCBuildConfiguration section */
		55D0F6A1247B23810091E44C /* Debug */ = {
			isa = XCBuildConfiguration;
			buildSettings = {
				ALWAYS_SEARCH_USER_PATHS = NO;
				CLANG_ANALYZER_NONNULL = YES;
				CLANG_ANALYZER_NUMBER_OBJECT_CONVERSION = YES_AGGRESSIVE;
				CLANG_CXX_LANGUAGE_STANDARD = "gnu++14";
				CLANG_CXX_LIBRARY = "libc++";
				CLANG_ENABLE_MODULES = YES;
				CLANG_ENABLE_OBJC_ARC = YES;
				CLANG_ENABLE_OBJC_WEAK = YES;
				CLANG_WARN_BLOCK_CAPTURE_AUTORELEASING = YES;
				CLANG_WARN_BOOL_CONVERSION = YES;
				CLANG_WARN_COMMA = YES;
				CLANG_WARN_CONSTANT_CONVERSION = YES;
				CLANG_WARN_DEPRECATED_OBJC_IMPLEMENTATIONS = YES;
				CLANG_WARN_DIRECT_OBJC_ISA_USAGE = YES_ERROR;
				CLANG_WARN_DOCUMENTATION_COMMENTS = YES;
				CLANG_WARN_EMPTY_BODY = YES;
				CLANG_WARN_ENUM_CONVERSION = YES;
				CLANG_WARN_INFINITE_RECURSION = YES;
				CLANG_WARN_INT_CONVERSION = YES;
				CLANG_WARN_NON_LITERAL_NULL_CONVERSION = YES;
				CLANG_WARN_OBJC_IMPLICIT_RETAIN_SELF = YES;
				CLANG_WARN_OBJC_LITERAL_CONVERSION = YES;
				CLANG_WARN_OBJC_ROOT_CLASS = YES_ERROR;
				CLANG_WARN_RANGE_LOOP_ANALYSIS = YES;
				CLANG_WARN_STRICT_PROTOTYPES = YES;
				CLANG_WARN_SUSPICIOUS_MOVE = YES;
				CLANG_WARN_UNGUARDED_AVAILABILITY = YES_AGGRESSIVE;
				CLANG_WARN_UNREACHABLE_CODE = YES;
				CLANG_WARN__DUPLICATE_METHOD_MATCH = YES;
				COPY_PHASE_STRIP = NO;
				DEBUG_INFORMATION_FORMAT = dwarf;
				ENABLE_STRICT_OBJC_MSGSEND = YES;
				ENABLE_TESTABILITY = YES;
				GCC_C_LANGUAGE_STANDARD = gnu11;
				GCC_DYNAMIC_NO_PIC = NO;
				GCC_NO_COMMON_BLOCKS = YES;
				GCC_OPTIMIZATION_LEVEL = 0;
				GCC_PREPROCESSOR_DEFINITIONS = (
					"DEBUG=1",
					"$(inherited)",
				);
				GCC_WARN_64_TO_32_BIT_CONVERSION = YES;
				GCC_WARN_ABOUT_RETURN_TYPE = YES_ERROR;
				GCC_WARN_UNDECLARED_SELECTOR = YES;
				GCC_WARN_UNINITIALIZED_AUTOS = YES_AGGRESSIVE;
				GCC_WARN_UNUSED_FUNCTION = YES;
				GCC_WARN_UNUSED_VARIABLE = YES;
				IPHONEOS_DEPLOYMENT_TARGET = 13.5;
				MTL_ENABLE_DEBUG_INFO = INCLUDE_SOURCE;
				MTL_FAST_MATH = YES;
				ONLY_ACTIVE_ARCH = YES;
				SDKROOT = iphoneos;
				SWIFT_ACTIVE_COMPILATION_CONDITIONS = DEBUG;
				SWIFT_OPTIMIZATION_LEVEL = "-Onone";
			};
			name = Debug;
		};
		55D0F6A2247B23810091E44C /* Release */ = {
			isa = XCBuildConfiguration;
			buildSettings = {
				ALWAYS_SEARCH_USER_PATHS = NO;
				CLANG_ANALYZER_NONNULL = YES;
				CLANG_ANALYZER_NUMBER_OBJECT_CONVERSION = YES_AGGRESSIVE;
				CLANG_CXX_LANGUAGE_STANDARD = "gnu++14";
				CLANG_CXX_LIBRARY = "libc++";
				CLANG_ENABLE_MODULES = YES;
				CLANG_ENABLE_OBJC_ARC = YES;
				CLANG_ENABLE_OBJC_WEAK = YES;
				CLANG_WARN_BLOCK_CAPTURE_AUTORELEASING = YES;
				CLANG_WARN_BOOL_CONVERSION = YES;
				CLANG_WARN_COMMA = YES;
				CLANG_WARN_CONSTANT_CONVERSION = YES;
				CLANG_WARN_DEPRECATED_OBJC_IMPLEMENTATIONS = YES;
				CLANG_WARN_DIRECT_OBJC_ISA_USAGE = YES_ERROR;
				CLANG_WARN_DOCUMENTATION_COMMENTS = YES;
				CLANG_WARN_EMPTY_BODY = YES;
				CLANG_WARN_ENUM_CONVERSION = YES;
				CLANG_WARN_INFINITE_RECURSION = YES;
				CLANG_WARN_INT_CONVERSION = YES;
				CLANG_WARN_NON_LITERAL_NULL_CONVERSION = YES;
				CLANG_WARN_OBJC_IMPLICIT_RETAIN_SELF = YES;
				CLANG_WARN_OBJC_LITERAL_CONVERSION = YES;
				CLANG_WARN_OBJC_ROOT_CLASS = YES_ERROR;
				CLANG_WARN_RANGE_LOOP_ANALYSIS = YES;
				CLANG_WARN_STRICT_PROTOTYPES = YES;
				CLANG_WARN_SUSPICIOUS_MOVE = YES;
				CLANG_WARN_UNGUARDED_AVAILABILITY = YES_AGGRESSIVE;
				CLANG_WARN_UNREACHABLE_CODE = YES;
				CLANG_WARN__DUPLICATE_METHOD_MATCH = YES;
				COPY_PHASE_STRIP = NO;
				DEBUG_INFORMATION_FORMAT = "dwarf-with-dsym";
				ENABLE_NS_ASSERTIONS = NO;
				ENABLE_STRICT_OBJC_MSGSEND = YES;
				GCC_C_LANGUAGE_STANDARD = gnu11;
				GCC_NO_COMMON_BLOCKS = YES;
				GCC_WARN_64_TO_32_BIT_CONVERSION = YES;
				GCC_WARN_ABOUT_RETURN_TYPE = YES_ERROR;
				GCC_WARN_UNDECLARED_SELECTOR = YES;
				GCC_WARN_UNINITIALIZED_AUTOS = YES_AGGRESSIVE;
				GCC_WARN_UNUSED_FUNCTION = YES;
				GCC_WARN_UNUSED_VARIABLE = YES;
				IPHONEOS_DEPLOYMENT_TARGET = 13.5;
				MTL_ENABLE_DEBUG_INFO = NO;
				MTL_FAST_MATH = YES;
				SDKROOT = iphoneos;
				SWIFT_COMPILATION_MODE = wholemodule;
				SWIFT_OPTIMIZATION_LEVEL = "-O";
				VALIDATE_PRODUCT = YES;
			};
			name = Release;
		};
		55D0F6A4247B23810091E44C /* Debug */ = {
			isa = XCBuildConfiguration;
			buildSettings = {
				ASSETCATALOG_COMPILER_APPICON_NAME = AppIcon;
				CODE_SIGN_STYLE = Automatic;
				INFOPLIST_FILE = washands/SupportingFiles/Info.plist;
				LD_RUNPATH_SEARCH_PATHS = (
					"$(inherited)",
					"@executable_path/Frameworks",
				);
				PRODUCT_BUNDLE_IDENTIFIER = luizfelipeairesoares.washands;
				PRODUCT_NAME = "$(TARGET_NAME)";
				SWIFT_VERSION = 5.0;
				TARGETED_DEVICE_FAMILY = "1,2";
			};
			name = Debug;
		};
		55D0F6A5247B23810091E44C /* Release */ = {
			isa = XCBuildConfiguration;
			buildSettings = {
				ASSETCATALOG_COMPILER_APPICON_NAME = AppIcon;
				CODE_SIGN_STYLE = Automatic;
				INFOPLIST_FILE = washands/SupportingFiles/Info.plist;
				LD_RUNPATH_SEARCH_PATHS = (
					"$(inherited)",
					"@executable_path/Frameworks",
				);
				PRODUCT_BUNDLE_IDENTIFIER = luizfelipeairesoares.washands;
				PRODUCT_NAME = "$(TARGET_NAME)";
				SWIFT_VERSION = 5.0;
				TARGETED_DEVICE_FAMILY = "1,2";
			};
			name = Release;
		};
		55D0F6A7247B23810091E44C /* Debug */ = {
			isa = XCBuildConfiguration;
			buildSettings = {
				ALWAYS_EMBED_SWIFT_STANDARD_LIBRARIES = YES;
				BUNDLE_LOADER = "$(TEST_HOST)";
				CODE_SIGN_STYLE = Automatic;
				INFOPLIST_FILE = washandsTests/Info.plist;
				IPHONEOS_DEPLOYMENT_TARGET = 13.5;
				LD_RUNPATH_SEARCH_PATHS = (
					"$(inherited)",
					"@executable_path/Frameworks",
					"@loader_path/Frameworks",
				);
				PRODUCT_BUNDLE_IDENTIFIER = luizfelipeairesoares.washandsTests;
				PRODUCT_NAME = "$(TARGET_NAME)";
				SWIFT_VERSION = 5.0;
				TARGETED_DEVICE_FAMILY = "1,2";
				TEST_HOST = "$(BUILT_PRODUCTS_DIR)/washands.app/washands";
			};
			name = Debug;
		};
		55D0F6A8247B23810091E44C /* Release */ = {
			isa = XCBuildConfiguration;
			buildSettings = {
				ALWAYS_EMBED_SWIFT_STANDARD_LIBRARIES = YES;
				BUNDLE_LOADER = "$(TEST_HOST)";
				CODE_SIGN_STYLE = Automatic;
				INFOPLIST_FILE = washandsTests/Info.plist;
				IPHONEOS_DEPLOYMENT_TARGET = 13.5;
				LD_RUNPATH_SEARCH_PATHS = (
					"$(inherited)",
					"@executable_path/Frameworks",
					"@loader_path/Frameworks",
				);
				PRODUCT_BUNDLE_IDENTIFIER = luizfelipeairesoares.washandsTests;
				PRODUCT_NAME = "$(TARGET_NAME)";
				SWIFT_VERSION = 5.0;
				TARGETED_DEVICE_FAMILY = "1,2";
				TEST_HOST = "$(BUILT_PRODUCTS_DIR)/washands.app/washands";
			};
			name = Release;
		};
/* End XCBuildConfiguration section */

/* Begin XCConfigurationList section */
		55D0F67F247B237F0091E44C /* Build configuration list for PBXProject "washands" */ = {
			isa = XCConfigurationList;
			buildConfigurations = (
				55D0F6A1247B23810091E44C /* Debug */,
				55D0F6A2247B23810091E44C /* Release */,
			);
			defaultConfigurationIsVisible = 0;
			defaultConfigurationName = Release;
		};
		55D0F6A3247B23810091E44C /* Build configuration list for PBXNativeTarget "washands" */ = {
			isa = XCConfigurationList;
			buildConfigurations = (
				55D0F6A4247B23810091E44C /* Debug */,
				55D0F6A5247B23810091E44C /* Release */,
			);
			defaultConfigurationIsVisible = 0;
			defaultConfigurationName = Release;
		};
		55D0F6A6247B23810091E44C /* Build configuration list for PBXNativeTarget "washandsTests" */ = {
			isa = XCConfigurationList;
			buildConfigurations = (
				55D0F6A7247B23810091E44C /* Debug */,
				55D0F6A8247B23810091E44C /* Release */,
			);
			defaultConfigurationIsVisible = 0;
			defaultConfigurationName = Release;
		};
/* End XCConfigurationList section */
	};
	rootObject = 55D0F67C247B237F0091E44C /* Project object */;
}
